<Solution>
  <Folder Name="/src/">
    <Project Path="src/AlSsareea.Api/AlSsareea.Api.csproj" />
  </Folder>
  <Folder Name="/src/BuildingBlocks/">
    <Project Path="src/BuildingBlocks/AlSsareea.BuildingBlocks.Application/AlSsareea.BuildingBlocks.Application.csproj" />
    <Project Path="src/BuildingBlocks/AlSsareea.BuildingBlocks.Contracts/AlSsareea.BuildingBlocks.Contracts.csproj" />
    <Project Path="src/BuildingBlocks/AlSsareea.BuildingBlocks.Domain/AlSsareea.BuildingBlocks.Domain.csproj" />
    <Project Path="src/BuildingBlocks/AlSsareea.BuildingBlocks.Infrastructure/AlSsareea.BuildingBlocks.Infrastructure.csproj" />
  </Folder>
  <Folder Name="/src/Modules/Identity/">
    <Project Path="src/Modules/Identity/AlSsareea.Modules.Identity.Application/AlSsareea.Modules.Identity.Application.csproj" />
    <Project Path="src/Modules/Identity/AlSsareea.Modules.Identity.Contracts/AlSsareea.Modules.Identity.Contracts.csproj" />
    <Project Path="src/Modules/Identity/AlSsareea.Modules.Identity.Domain/AlSsareea.Modules.Identity.Domain.csproj" />
    <Project Path="src/Modules/Identity/AlSsareea.Modules.Identity.Infrastructure/AlSsareea.Modules.Identity.Infrastructure.csproj" />
  </Folder>
  <Folder Name="/src/Modules/Maps/">
    <Project Path="src/Modules/Maps/AlSsareea.Modules.Maps.Application/AlSsareea.Modules.Maps.Application.csproj" />
    <Project Path="src/Modules/Maps/AlSsareea.Modules.Maps.Contracts/AlSsareea.Modules.Maps.Contracts.csproj" />
    <Project Path="src/Modules/Maps/AlSsareea.Modules.Maps.Domain/AlSsareea.Modules.Maps.Domain.csproj" />
    <Project Path="src/Modules/Maps/AlSsareea.Modules.Maps.Infrastructure/AlSsareea.Modules.Maps.Infrastructure.csproj" />
  </Folder>
  <Folder Name="/src/Modules/Customers/">
    <Project Path="src/Modules/Customers/AlSsareea.Modules.Customers.Application/AlSsareea.Modules.Customers.Application.csproj" />
    <Project Path="src/Modules/Customers/AlSsareea.Modules.Customers.Contracts/AlSsareea.Modules.Customers.Contracts.csproj" />
    <Project Path="src/Modules/Customers/AlSsareea.Modules.Customers.Domain/AlSsareea.Modules.Customers.Domain.csproj" />
    <Project Path="src/Modules/Customers/AlSsareea.Modules.Customers.Infrastructure/AlSsareea.Modules.Customers.Infrastructure.csproj" />
  </Folder>
  <Folder Name="/src/Modules/Merchants/">
    <Project Path="src/Modules/Merchants/AlSsareea.Modules.Merchants.Application/AlSsareea.Modules.Merchants.Application.csproj" />
    <Project Path="src/Modules/Merchants/AlSsareea.Modules.Merchants.Contracts/AlSsareea.Modules.Merchants.Contracts.csproj" />
    <Project Path="src/Modules/Merchants/AlSsareea.Modules.Merchants.Domain/AlSsareea.Modules.Merchants.Domain.csproj" />
    <Project Path="src/Modules/Merchants/AlSsareea.Modules.Merchants.Infrastructure/AlSsareea.Modules.Merchants.Infrastructure.csproj" />
  </Folder>
  <Folder Name="/src/Modules/Pricing/">
    <Project Path="src/Modules/Pricing/AlSsareea.Modules.Pricing.Application/AlSsareea.Modules.Pricing.Application.csproj" />
    <Project Path="src/Modules/Pricing/AlSsareea.Modules.Pricing.Contracts/AlSsareea.Modules.Pricing.Contracts.csproj" />
    <Project Path="src/Modules/Pricing/AlSsareea.Modules.Pricing.Domain/AlSsareea.Modules.Pricing.Domain.csproj" />
    <Project Path="src/Modules/Pricing/AlSsareea.Modules.Pricing.Infrastructure/AlSsareea.Modules.Pricing.Infrastructure.csproj" />
  </Folder>
  <Folder Name="/src/Modules/Catalog/">
    <Project Path="src/Modules/Catalog/AlSsareea.Modules.Catalog.Application/AlSsareea.Modules.Catalog.Application.csproj" />
    <Project Path="src/Modules/Catalog/AlSsareea.Modules.Catalog.Contracts/AlSsareea.Modules.Catalog.Contracts.csproj" />
    <Project Path="src/Modules/Catalog/AlSsareea.Modules.Catalog.Domain/AlSsareea.Modules.Catalog.Domain.csproj" />
    <Project Path="src/Modules/Catalog/AlSsareea.Modules.Catalog.Infrastructure/AlSsareea.Modules.Catalog.Infrastructure.csproj" />
  </Folder>
  <Folder Name="/src/Modules/Media/">
    <Project Path="src/Modules/Media/AlSsareea.Modules.Media.Application/AlSsareea.Modules.Media.Application.csproj" />
    <Project Path="src/Modules/Media/AlSsareea.Modules.Media.Contracts/AlSsareea.Modules.Media.Contracts.csproj" />
    <Project Path="src/Modules/Media/AlSsareea.Modules.Media.Domain/AlSsareea.Modules.Media.Domain.csproj" />
    <Project Path="src/Modules/Media/AlSsareea.Modules.Media.Infrastructure/AlSsareea.Modules.Media.Infrastructure.csproj" />
  </Folder>
  <Folder Name="/tests/">
    <Project Path="tests/AlSsareea.ArchitectureTests/AlSsareea.ArchitectureTests.csproj" />
    <Project Path="tests/AlSsareea.IntegrationTests/AlSsareea.IntegrationTests.csproj" />
    <Project Path="tests/AlSsareea.UnitTests/AlSsareea.UnitTests.csproj" />
  </Folder>
</Solution>
